
Microsoft Visual Studio Solution File, Format Version 12.00
# Visual Studio Version 17
VisualStudioVersion = 17.3.32811.315
MinimumVisualStudioVersion = 10.0.40219.1
Project("{FAE04EC0-301F-11D3-BF4B-00C04F79EFBC}") = "BaiTapThem_Bai12", "BaiTapThem_Bai12\BaiTapThem_Bai12.csproj", "{956B5D11-FE42-4690-BE04-411F894AE9BC}"
EndProject
Global
	GlobalSection(SolutionConfigurationPlatforms) = preSolution
		Debug|Any CPU = Debug|Any CPU
		Release|Any CPU = Release|Any CPU
	EndGlobalSection
	GlobalSection(ProjectConfigurationPlatforms) = postSolution
		{956B5D11-FE42-4690-BE04-411F894AE9BC}.Debug|Any CPU.ActiveCfg = Debug|Any CPU
		{956B5D11-FE42-4690-BE04-411F894AE9BC}.Debug|Any CPU.Build.0 = Debug|Any CPU
		{956B5D11-FE42-4690-BE04-411F894AE9BC}.Release|Any CPU.ActiveCfg = Release|Any CPU
		{956B5D11-FE42-4690-BE04-411F894AE9BC}.Release|Any CPU.Build.0 = Release|Any CPU
	EndGlobalSection
	GlobalSection(SolutionProperties) = preSolution
		HideSolutionNode = FALSE
	EndGlobalSection
	GlobalSection(ExtensibilityGlobals) = postSolution
		SolutionGuid = {B6933B4D-E1C8-4340-B8E3-D8CEA6FEFE44}
	EndGlobalSection
EndGlobal
