
Microsoft Visual Studio Solution File, Format Version 12.00
# Visual Studio Version 17
VisualStudioVersion = 17.3.32811.315
MinimumVisualStudioVersion = 10.0.40219.1
Project("{FAE04EC0-301F-11D3-BF4B-00C04F79EFBC}") = "ThucHanhListView_BT1", "ThucHanhListView_BT1\ThucHanhListView_BT1.csproj", "{9129F005-B55A-4B2E-93EB-DD6019D0631C}"
EndProject
Global
	GlobalSection(SolutionConfigurationPlatforms) = preSolution
		Debug|Any CPU = Debug|Any CPU
		Release|Any CPU = Release|Any CPU
	EndGlobalSection
	GlobalSection(ProjectConfigurationPlatforms) = postSolution
		{9129F005-B55A-4B2E-93EB-DD6019D0631C}.Debug|Any CPU.ActiveCfg = Debug|Any CPU
		{9129F005-B55A-4B2E-93EB-DD6019D0631C}.Debug|Any CPU.Build.0 = Debug|Any CPU
		{9129F005-B55A-4B2E-93EB-DD6019D0631C}.Release|Any CPU.ActiveCfg = Release|Any CPU
		{9129F005-B55A-4B2E-93EB-DD6019D0631C}.Release|Any CPU.Build.0 = Release|Any CPU
	EndGlobalSection
	GlobalSection(SolutionProperties) = preSolution
		HideSolutionNode = FALSE
	EndGlobalSection
	GlobalSection(ExtensibilityGlobals) = postSolution
		SolutionGuid = {4631CA12-A0CB-48F0-B231-B856E03EBBBD}
	EndGlobalSection
EndGlobal
