
Microsoft Visual Studio Solution File, Format Version 12.00
# Visual Studio Version 17
VisualStudioVersion = 17.3.32811.315
MinimumVisualStudioVersion = 10.0.40219.1
Project("{FAE04EC0-301F-11D3-BF4B-00C04F79EFBC}") = "KiemTra_De01_BuiNgocTien", "KiemTra_De01_BuiNgocTien\KiemTra_De01_BuiNgocTien.csproj", "{35767C91-63BD-480A-B23B-DDDEB763EB71}"
EndProject
Global
	GlobalSection(SolutionConfigurationPlatforms) = preSolution
		Debug|Any CPU = Debug|Any CPU
		Release|Any CPU = Release|Any CPU
	EndGlobalSection
	GlobalSection(ProjectConfigurationPlatforms) = postSolution
		{35767C91-63BD-480A-B23B-DDDEB763EB71}.Debug|Any CPU.ActiveCfg = Debug|Any CPU
		{35767C91-63BD-480A-B23B-DDDEB763EB71}.Debug|Any CPU.Build.0 = Debug|Any CPU
		{35767C91-63BD-480A-B23B-DDDEB763EB71}.Release|Any CPU.ActiveCfg = Release|Any CPU
		{35767C91-63BD-480A-B23B-DDDEB763EB71}.Release|Any CPU.Build.0 = Release|Any CPU
	EndGlobalSection
	GlobalSection(SolutionProperties) = preSolution
		HideSolutionNode = FALSE
	EndGlobalSection
	GlobalSection(ExtensibilityGlobals) = postSolution
		SolutionGuid = {C438DD49-3004-40F8-9871-DB5CE9387161}
	EndGlobalSection
EndGlobal
