
Microsoft Visual Studio Solution File, Format Version 12.00
# Visual Studio Version 17
VisualStudioVersion = 17.3.32811.315
MinimumVisualStudioVersion = 10.0.40219.1
Project("{FAE04EC0-301F-11D3-BF4B-00C04F79EFBC}") = "ThucHanhListView_BT2", "ThucHanhListView_BT2\ThucHanhListView_BT2.csproj", "{66915402-C22F-401D-8CA7-90DCDF02E53A}"
EndProject
Global
	GlobalSection(SolutionConfigurationPlatforms) = preSolution
		Debug|Any CPU = Debug|Any CPU
		Release|Any CPU = Release|Any CPU
	EndGlobalSection
	GlobalSection(ProjectConfigurationPlatforms) = postSolution
		{66915402-C22F-401D-8CA7-90DCDF02E53A}.Debug|Any CPU.ActiveCfg = Debug|Any CPU
		{66915402-C22F-401D-8CA7-90DCDF02E53A}.Debug|Any CPU.Build.0 = Debug|Any CPU
		{66915402-C22F-401D-8CA7-90DCDF02E53A}.Release|Any CPU.ActiveCfg = Release|Any CPU
		{66915402-C22F-401D-8CA7-90DCDF02E53A}.Release|Any CPU.Build.0 = Release|Any CPU
	EndGlobalSection
	GlobalSection(SolutionProperties) = preSolution
		HideSolutionNode = FALSE
	EndGlobalSection
	GlobalSection(ExtensibilityGlobals) = postSolution
		SolutionGuid = {F435F3DB-1023-49D2-88F9-E5E545491619}
	EndGlobalSection
EndGlobal
