
Microsoft Visual Studio Solution File, Format Version 12.00
# Visual Studio Version 17
VisualStudioVersion = 17.3.32811.315
MinimumVisualStudioVersion = 10.0.40219.1
Project("{FAE04EC0-301F-11D3-BF4B-00C04F79EFBC}") = "BTVN_Bai10", "BTVN_Bai10\BTVN_Bai10.csproj", "{325FF3BB-35C3-44F9-BCC3-AA733DB81532}"
EndProject
Global
	GlobalSection(SolutionConfigurationPlatforms) = preSolution
		Debug|Any CPU = Debug|Any CPU
		Release|Any CPU = Release|Any CPU
	EndGlobalSection
	GlobalSection(ProjectConfigurationPlatforms) = postSolution
		{325FF3BB-35C3-44F9-BCC3-AA733DB81532}.Debug|Any CPU.ActiveCfg = Debug|Any CPU
		{325FF3BB-35C3-44F9-BCC3-AA733DB81532}.Debug|Any CPU.Build.0 = Debug|Any CPU
		{325FF3BB-35C3-44F9-BCC3-AA733DB81532}.Release|Any CPU.ActiveCfg = Release|Any CPU
		{325FF3BB-35C3-44F9-BCC3-AA733DB81532}.Release|Any CPU.Build.0 = Release|Any CPU
	EndGlobalSection
	GlobalSection(SolutionProperties) = preSolution
		HideSolutionNode = FALSE
	EndGlobalSection
	GlobalSection(ExtensibilityGlobals) = postSolution
		SolutionGuid = {F60B7739-5E77-4710-8652-5CD9AA80DFBE}
	EndGlobalSection
EndGlobal
